// !$*UTF8*$!
{
	archiveVersion = 1;
	classes = {
	};
	objectVersion = 56;
	objects = {

/* Begin PBXBuildFile section */
		4CB45C522AEB06C700D27F22 /* AcceptingInvitation.swift in Sources */ = {isa = PBXBuildFile; fileRef = 4CB45C512AEB06C700D27F22 /* AcceptingInvitation.swift */; };
		7807276C2ACF5AB500C93A44 /* CoreFoundation.framework in Frameworks */ = {isa = PBXBuildFile; fileRef = 7807276B2ACF5AB500C93A44 /* CoreFoundation.framework */; };
		7807276F2ACF5B3400C93A44 /* SystemConfiguration.framework in Frameworks */ = {isa = PBXBuildFile; fileRef = 7807276D2ACF5AD700C93A44 /* SystemConfiguration.framework */; };
		7827D5072AD93EE700F7A20F /* ProfilePicture.swift in Sources */ = {isa = PBXBuildFile; fileRef = 7827D5062AD93EE700F7A20F /* ProfilePicture.swift */; };
		7827D5092AD93F1700F7A20F /* ClickableMenuEntry.swift in Sources */ = {isa = PBXBuildFile; fileRef = 7827D5082AD93F1700F7A20F /* ClickableMenuEntry.swift */; };
		782D5B492AC1D3D700D1B27F /* OckamApp.swift in Sources */ = {isa = PBXBuildFile; fileRef = 782D5B482AC1D3D700D1B27F /* OckamApp.swift */; };
		782D5B4B2AC1D3D700D1B27F /* MainView.swift in Sources */ = {isa = PBXBuildFile; fileRef = 782D5B4A2AC1D3D700D1B27F /* MainView.swift */; };
		782D5B4D2AC1D3D800D1B27F /* Assets.xcassets in Resources */ = {isa = PBXBuildFile; fileRef = 782D5B4C2AC1D3D800D1B27F /* Assets.xcassets */; };
		782D5BAC2AC33EAD00D1B27F /* Bridge.h in Headers */ = {isa = PBXBuildFile; fileRef = 782D5BAB2AC33EAD00D1B27F /* Bridge.h */; };
		782D5BAF2AC33F9400D1B27F /* libockam_app_lib.a in Frameworks */ = {isa = PBXBuildFile; fileRef = 782D5B792AC1E36700D1B27F /* libockam_app_lib.a */; };
		783B62722AC432B700880261 /* Bridge.swift in Sources */ = {isa = PBXBuildFile; fileRef = 783B62712AC432B700880261 /* Bridge.swift */; };
		7847A44A2B31C26B0082887C /* ockam in Embed Ockam Command */ = {isa = PBXBuildFile; fileRef = 7847A4492B31C26B0082887C /* ockam */; settings = {ATTRIBUTES = (CodeSignOnCopy, ); }; };
		7859A4862B1DD4960085C7F7 /* UpdateSizeAction.swift in Sources */ = {isa = PBXBuildFile; fileRef = 7859A4802B1DD4960085C7F7 /* UpdateSizeAction.swift */; };
		7859A4872B1DD4960085C7F7 /* FluidMenuBarExtra.swift in Sources */ = {isa = PBXBuildFile; fileRef = 7859A4812B1DD4960085C7F7 /* FluidMenuBarExtra.swift */; };
		7859A4882B1DD4960085C7F7 /* FluidMenuBarExtraStatusItem.swift in Sources */ = {isa = PBXBuildFile; fileRef = 7859A4822B1DD4960085C7F7 /* FluidMenuBarExtraStatusItem.swift */; };
		7859A4892B1DD4960085C7F7 /* FluidMenuBarExtraWindow.swift in Sources */ = {isa = PBXBuildFile; fileRef = 7859A4832B1DD4960085C7F7 /* FluidMenuBarExtraWindow.swift */; };
		7859A48A2B1DD4960085C7F7 /* EventMonitor.swift in Sources */ = {isa = PBXBuildFile; fileRef = 7859A4842B1DD4960085C7F7 /* EventMonitor.swift */; };
		7859A48B2B1DD4960085C7F7 /* RootViewModifier.swift in Sources */ = {isa = PBXBuildFile; fileRef = 7859A4852B1DD4960085C7F7 /* RootViewModifier.swift */; };
		785A07302B14A60E002FF30C /* Constants.swift in Sources */ = {isa = PBXBuildFile; fileRef = 785A072F2B14A60E002FF30C /* Constants.swift */; };
		785A07322B14C810002FF30C /* SentInvitations.swift in Sources */ = {isa = PBXBuildFile; fileRef = 785A07312B14C810002FF30C /* SentInvitations.swift */; };
		785A07342B14CF29002FF30C /* LocalPortalView.swift in Sources */ = {isa = PBXBuildFile; fileRef = 785A07332B14CF29002FF30C /* LocalPortalView.swift */; };
		785A07362B14D697002FF30C /* ServiceGroupView.swift in Sources */ = {isa = PBXBuildFile; fileRef = 785A07352B14D697002FF30C /* ServiceGroupView.swift */; };
		785A07382B14D734002FF30C /* IncomingInvite.swift in Sources */ = {isa = PBXBuildFile; fileRef = 785A07372B14D734002FF30C /* IncomingInvite.swift */; };
		785A073C2B15EAC8002FF30C /* EnrollmentStatus.swift in Sources */ = {isa = PBXBuildFile; fileRef = 785A073B2B15EAC8002FF30C /* EnrollmentStatus.swift */; };
		785C8DC12B0BAD5E00926DCD /* About.swift in Sources */ = {isa = PBXBuildFile; fileRef = 785C8DC02B0BAD5E00926DCD /* About.swift */; };
		78695A302B2332F600432B83 /* Hint.swift in Sources */ = {isa = PBXBuildFile; fileRef = 78695A2F2B2332F600432B83 /* Hint.swift */; };
		7893D40A2B1F54F800454933 /* EnrollmentBlock.swift in Sources */ = {isa = PBXBuildFile; fileRef = 7893D4082B1F54F800454933 /* EnrollmentBlock.swift */; };
		789FA6462AE142280009FF7F /* ExportOptions.plist in Resources */ = {isa = PBXBuildFile; fileRef = 789FA6452AE142280009FF7F /* ExportOptions.plist */; };
		78A77C2D2B2B24A700DEC3AC /* RotatingText.swift in Sources */ = {isa = PBXBuildFile; fileRef = 78A77C2C2B2B24A700DEC3AC /* RotatingText.swift */; };
		78A77C2F2B2B275A00DEC3AC /* AnimatedEllipsis.swift in Sources */ = {isa = PBXBuildFile; fileRef = 78A77C2E2B2B275A00DEC3AC /* AnimatedEllipsis.swift */; };
		78B7EF702B0F649D0062B2B3 /* DeleteIncomingService.swift in Sources */ = {isa = PBXBuildFile; fileRef = 78B7EF6F2B0F649D0062B2B3 /* DeleteIncomingService.swift */; };
		78BD349D2AFA621500F09058 /* BrokenStateView.swift in Sources */ = {isa = PBXBuildFile; fileRef = 78BD349C2AFA621500F09058 /* BrokenStateView.swift */; };
		78BD34A12AFCFDF100F09058 /* RemotePortalView.swift in Sources */ = {isa = PBXBuildFile; fileRef = 78BD34A02AFCFDF100F09058 /* RemotePortalView.swift */; };
		78D520832ADD5CAE00F36B64 /* Helpers.swift in Sources */ = {isa = PBXBuildFile; fileRef = 78D520822ADD5CAE00F36B64 /* Helpers.swift */; };
		78ED0DA12AD4354400574AE9 /* OpenPortal.swift in Sources */ = {isa = PBXBuildFile; fileRef = 78ED0DA02AD4354400574AE9 /* OpenPortal.swift */; };
		78ED0DA32AD4501200574AE9 /* InviteToPortal.swift in Sources */ = {isa = PBXBuildFile; fileRef = 78ED0DA22AD4501200574AE9 /* InviteToPortal.swift */; };
/* End PBXBuildFile section */

/* Begin PBXCopyFilesBuildPhase section */
		7847A4482B31C2390082887C /* Embed Ockam Command */ = {
			isa = PBXCopyFilesBuildPhase;
			buildActionMask = 2147483647;
			dstPath = "";
			dstSubfolderSpec = 6;
			files = (
				7847A44A2B31C26B0082887C /* ockam in Embed Ockam Command */,
			);
			name = "Embed Ockam Command";
			runOnlyForDeploymentPostprocessing = 0;
		};
/* End PBXCopyFilesBuildPhase section */

/* Begin PBXFileReference section */
		4CB45C512AEB06C700D27F22 /* AcceptingInvitation.swift */ = {isa = PBXFileReference; lastKnownFileType = sourcecode.swift; path = AcceptingInvitation.swift; sourceTree = "<group>"; };
		7807276B2ACF5AB500C93A44 /* CoreFoundation.framework */ = {isa = PBXFileReference; lastKnownFileType = wrapper.framework; name = CoreFoundation.framework; path = System/Library/Frameworks/CoreFoundation.framework; sourceTree = SDKROOT; };
		7807276D2ACF5AD700C93A44 /* SystemConfiguration.framework */ = {isa = PBXFileReference; lastKnownFileType = wrapper.framework; name = SystemConfiguration.framework; path = System/Library/Frameworks/SystemConfiguration.framework; sourceTree = SDKROOT; };
		7827D5062AD93EE700F7A20F /* ProfilePicture.swift */ = {isa = PBXFileReference; lastKnownFileType = sourcecode.swift; path = ProfilePicture.swift; sourceTree = "<group>"; };
		7827D5082AD93F1700F7A20F /* ClickableMenuEntry.swift */ = {isa = PBXFileReference; lastKnownFileType = sourcecode.swift; path = ClickableMenuEntry.swift; sourceTree = "<group>"; };
		782D5B452AC1D3D700D1B27F /* Portals, by Ockam.app */ = {isa = PBXFileReference; explicitFileType = wrapper.application; includeInIndex = 0; path = "Portals, by Ockam.app"; sourceTree = BUILT_PRODUCTS_DIR; };
		782D5B482AC1D3D700D1B27F /* OckamApp.swift */ = {isa = PBXFileReference; lastKnownFileType = sourcecode.swift; path = OckamApp.swift; sourceTree = "<group>"; };
		782D5B4A2AC1D3D700D1B27F /* MainView.swift */ = {isa = PBXFileReference; lastKnownFileType = sourcecode.swift; path = MainView.swift; sourceTree = "<group>"; };
		782D5B4C2AC1D3D800D1B27F /* Assets.xcassets */ = {isa = PBXFileReference; lastKnownFileType = folder.assetcatalog; path = Assets.xcassets; sourceTree = "<group>"; };
		782D5B512AC1D3D800D1B27F /* Ockam.entitlements */ = {isa = PBXFileReference; lastKnownFileType = text.plist.entitlements; path = Ockam.entitlements; sourceTree = "<group>"; };
		782D5B792AC1E36700D1B27F /* libockam_app_lib.a */ = {isa = PBXFileReference; lastKnownFileType = archive.ar; name = libockam_app_lib.a; path = ../../../../target/debug/libockam_app_lib.a; sourceTree = "<group>"; };
		782D5BAB2AC33EAD00D1B27F /* Bridge.h */ = {isa = PBXFileReference; fileEncoding = 4; lastKnownFileType = sourcecode.c.h; name = Bridge.h; path = Ockam/Bridge.h; sourceTree = "<group>"; };
		782D5BAD2AC33F7B00D1B27F /* libockam_app_lib.d */ = {isa = PBXFileReference; lastKnownFileType = sourcecode.dtrace; name = libockam_app_lib.d; path = ../../../../target/debug/libockam_app_lib.d; sourceTree = "<group>"; };
		783B62712AC432B700880261 /* Bridge.swift */ = {isa = PBXFileReference; lastKnownFileType = sourcecode.swift; path = Bridge.swift; sourceTree = "<group>"; };
		7847A4492B31C26B0082887C /* ockam */ = {isa = PBXFileReference; lastKnownFileType = "compiled.mach-o.executable"; name = ockam; path = ../../../../target/release/ockam; sourceTree = "<group>"; };
		7859A4802B1DD4960085C7F7 /* UpdateSizeAction.swift */ = {isa = PBXFileReference; fileEncoding = 4; lastKnownFileType = sourcecode.swift; path = UpdateSizeAction.swift; sourceTree = "<group>"; };
		7859A4812B1DD4960085C7F7 /* FluidMenuBarExtra.swift */ = {isa = PBXFileReference; fileEncoding = 4; lastKnownFileType = sourcecode.swift; path = FluidMenuBarExtra.swift; sourceTree = "<group>"; };
		7859A4822B1DD4960085C7F7 /* FluidMenuBarExtraStatusItem.swift */ = {isa = PBXFileReference; fileEncoding = 4; lastKnownFileType = sourcecode.swift; path = FluidMenuBarExtraStatusItem.swift; sourceTree = "<group>"; };
		7859A4832B1DD4960085C7F7 /* FluidMenuBarExtraWindow.swift */ = {isa = PBXFileReference; fileEncoding = 4; lastKnownFileType = sourcecode.swift; path = FluidMenuBarExtraWindow.swift; sourceTree = "<group>"; };
		7859A4842B1DD4960085C7F7 /* EventMonitor.swift */ = {isa = PBXFileReference; fileEncoding = 4; lastKnownFileType = sourcecode.swift; path = EventMonitor.swift; sourceTree = "<group>"; };
		7859A4852B1DD4960085C7F7 /* RootViewModifier.swift */ = {isa = PBXFileReference; fileEncoding = 4; lastKnownFileType = sourcecode.swift; path = RootViewModifier.swift; sourceTree = "<group>"; };
		785A072F2B14A60E002FF30C /* Constants.swift */ = {isa = PBXFileReference; lastKnownFileType = sourcecode.swift; path = Constants.swift; sourceTree = "<group>"; };
		785A07312B14C810002FF30C /* SentInvitations.swift */ = {isa = PBXFileReference; lastKnownFileType = sourcecode.swift; path = SentInvitations.swift; sourceTree = "<group>"; };
		785A07332B14CF29002FF30C /* LocalPortalView.swift */ = {isa = PBXFileReference; lastKnownFileType = sourcecode.swift; path = LocalPortalView.swift; sourceTree = "<group>"; };
		785A07352B14D697002FF30C /* ServiceGroupView.swift */ = {isa = PBXFileReference; lastKnownFileType = sourcecode.swift; path = ServiceGroupView.swift; sourceTree = "<group>"; };
		785A07372B14D734002FF30C /* IncomingInvite.swift */ = {isa = PBXFileReference; lastKnownFileType = sourcecode.swift; path = IncomingInvite.swift; sourceTree = "<group>"; };
		785A073B2B15EAC8002FF30C /* EnrollmentStatus.swift */ = {isa = PBXFileReference; lastKnownFileType = sourcecode.swift; path = EnrollmentStatus.swift; sourceTree = "<group>"; };
		785C8DC02B0BAD5E00926DCD /* About.swift */ = {isa = PBXFileReference; lastKnownFileType = sourcecode.swift; path = About.swift; sourceTree = "<group>"; };
		785D8D372AD5369100DF5004 /* Info.plist */ = {isa = PBXFileReference; lastKnownFileType = text.plist; path = Info.plist; sourceTree = "<group>"; };
		78695A2F2B2332F600432B83 /* Hint.swift */ = {isa = PBXFileReference; lastKnownFileType = sourcecode.swift; path = Hint.swift; sourceTree = "<group>"; };
		7893D4082B1F54F800454933 /* EnrollmentBlock.swift */ = {isa = PBXFileReference; fileEncoding = 4; lastKnownFileType = sourcecode.swift; path = EnrollmentBlock.swift; sourceTree = "<group>"; };
		789FA6452AE142280009FF7F /* ExportOptions.plist */ = {isa = PBXFileReference; fileEncoding = 4; lastKnownFileType = text.plist.xml; path = ExportOptions.plist; sourceTree = "<group>"; };
		78A77C2C2B2B24A700DEC3AC /* RotatingText.swift */ = {isa = PBXFileReference; lastKnownFileType = sourcecode.swift; path = RotatingText.swift; sourceTree = "<group>"; };
		78A77C2E2B2B275A00DEC3AC /* AnimatedEllipsis.swift */ = {isa = PBXFileReference; fileEncoding = 4; lastKnownFileType = sourcecode.swift; path = AnimatedEllipsis.swift; sourceTree = "<group>"; };
		78B7EF6F2B0F649D0062B2B3 /* DeleteIncomingService.swift */ = {isa = PBXFileReference; fileEncoding = 4; lastKnownFileType = sourcecode.swift; path = DeleteIncomingService.swift; sourceTree = "<group>"; };
		78BD349C2AFA621500F09058 /* BrokenStateView.swift */ = {isa = PBXFileReference; lastKnownFileType = sourcecode.swift; path = BrokenStateView.swift; sourceTree = "<group>"; };
		78BD34A02AFCFDF100F09058 /* RemotePortalView.swift */ = {isa = PBXFileReference; fileEncoding = 4; lastKnownFileType = sourcecode.swift; path = RemotePortalView.swift; sourceTree = "<group>"; };
		78D520822ADD5CAE00F36B64 /* Helpers.swift */ = {isa = PBXFileReference; lastKnownFileType = sourcecode.swift; path = Helpers.swift; sourceTree = "<group>"; };
		78ED0DA02AD4354400574AE9 /* OpenPortal.swift */ = {isa = PBXFileReference; lastKnownFileType = sourcecode.swift; path = OpenPortal.swift; sourceTree = "<group>"; };
		78ED0DA22AD4501200574AE9 /* InviteToPortal.swift */ = {isa = PBXFileReference; lastKnownFileType = sourcecode.swift; path = InviteToPortal.swift; sourceTree = "<group>"; };
/* End PBXFileReference section */

/* Begin PBXFrameworksBuildPhase section */
		782D5B422AC1D3D700D1B27F /* Frameworks */ = {
			isa = PBXFrameworksBuildPhase;
			buildActionMask = 2147483647;
			files = (
				7807276C2ACF5AB500C93A44 /* CoreFoundation.framework in Frameworks */,
				7807276F2ACF5B3400C93A44 /* SystemConfiguration.framework in Frameworks */,
				782D5BAF2AC33F9400D1B27F /* libockam_app_lib.a in Frameworks */,
			);
			runOnlyForDeploymentPostprocessing = 0;
		};
/* End PBXFrameworksBuildPhase section */

/* Begin PBXGroup section */
		782D5B3C2AC1D3D700D1B27F = {
			isa = PBXGroup;
			children = (
				7847A4492B31C26B0082887C /* ockam */,
				782D5BAB2AC33EAD00D1B27F /* Bridge.h */,
				782D5B472AC1D3D700D1B27F /* Ockam */,
				782D5B462AC1D3D700D1B27F /* Products */,
				782D5B762AC1E27900D1B27F /* Frameworks */,
			);
			sourceTree = "<group>";
		};
		782D5B462AC1D3D700D1B27F /* Products */ = {
			isa = PBXGroup;
			children = (
				782D5B452AC1D3D700D1B27F /* Portals, by Ockam.app */,
			);
			name = Products;
			sourceTree = "<group>";
		};
		782D5B472AC1D3D700D1B27F /* Ockam */ = {
			isa = PBXGroup;
			children = (
				78A77C2E2B2B275A00DEC3AC /* AnimatedEllipsis.swift */,
				7893D4082B1F54F800454933 /* EnrollmentBlock.swift */,
				7859A47F2B1DD4960085C7F7 /* FluidMenuBarExtra */,
				78B7EF6F2B0F649D0062B2B3 /* DeleteIncomingService.swift */,
				78BD34A02AFCFDF100F09058 /* RemotePortalView.swift */,
				789FA6452AE142280009FF7F /* ExportOptions.plist */,
				785D8D372AD5369100DF5004 /* Info.plist */,
				782D5B482AC1D3D700D1B27F /* OckamApp.swift */,
				782D5B4A2AC1D3D700D1B27F /* MainView.swift */,
				782D5B4C2AC1D3D800D1B27F /* Assets.xcassets */,
				782D5B512AC1D3D800D1B27F /* Ockam.entitlements */,
				783B62712AC432B700880261 /* Bridge.swift */,
				78ED0DA02AD4354400574AE9 /* OpenPortal.swift */,
				78ED0DA22AD4501200574AE9 /* InviteToPortal.swift */,
				4CB45C512AEB06C700D27F22 /* AcceptingInvitation.swift */,
				7827D5062AD93EE700F7A20F /* ProfilePicture.swift */,
				7827D5082AD93F1700F7A20F /* ClickableMenuEntry.swift */,
				78D520822ADD5CAE00F36B64 /* Helpers.swift */,
				78BD349C2AFA621500F09058 /* BrokenStateView.swift */,
				785C8DC02B0BAD5E00926DCD /* About.swift */,
				785A072F2B14A60E002FF30C /* Constants.swift */,
				785A07312B14C810002FF30C /* SentInvitations.swift */,
				785A07332B14CF29002FF30C /* LocalPortalView.swift */,
				785A07352B14D697002FF30C /* ServiceGroupView.swift */,
				785A07372B14D734002FF30C /* IncomingInvite.swift */,
				785A073B2B15EAC8002FF30C /* EnrollmentStatus.swift */,
				78695A2F2B2332F600432B83 /* Hint.swift */,
				78A77C2C2B2B24A700DEC3AC /* RotatingText.swift */,
			);
			path = Ockam;
			sourceTree = "<group>";
		};
		782D5B762AC1E27900D1B27F /* Frameworks */ = {
			isa = PBXGroup;
			children = (
				7807276D2ACF5AD700C93A44 /* SystemConfiguration.framework */,
				7807276B2ACF5AB500C93A44 /* CoreFoundation.framework */,
				782D5BAD2AC33F7B00D1B27F /* libockam_app_lib.d */,
				782D5B792AC1E36700D1B27F /* libockam_app_lib.a */,
			);
			name = Frameworks;
			sourceTree = "<group>";
		};
		7859A47F2B1DD4960085C7F7 /* FluidMenuBarExtra */ = {
			isa = PBXGroup;
			children = (
				7859A4802B1DD4960085C7F7 /* UpdateSizeAction.swift */,
				7859A4812B1DD4960085C7F7 /* FluidMenuBarExtra.swift */,
				7859A4822B1DD4960085C7F7 /* FluidMenuBarExtraStatusItem.swift */,
				7859A4832B1DD4960085C7F7 /* FluidMenuBarExtraWindow.swift */,
				7859A4842B1DD4960085C7F7 /* EventMonitor.swift */,
				7859A4852B1DD4960085C7F7 /* RootViewModifier.swift */,
			);
			path = FluidMenuBarExtra;
			sourceTree = "<group>";
		};
/* End PBXGroup section */

/* Begin PBXHeadersBuildPhase section */
		782D5BA62AC2E2F700D1B27F /* Headers */ = {
			isa = PBXHeadersBuildPhase;
			buildActionMask = 2147483647;
			files = (
				782D5BAC2AC33EAD00D1B27F /* Bridge.h in Headers */,
			);
			runOnlyForDeploymentPostprocessing = 0;
		};
/* End PBXHeadersBuildPhase section */

/* Begin PBXNativeTarget section */
		782D5B442AC1D3D700D1B27F /* Portals, by Ockam */ = {
			isa = PBXNativeTarget;
			buildConfigurationList = 782D5B6A2AC1D3D800D1B27F /* Build configuration list for PBXNativeTarget "Portals, by Ockam" */;
			buildPhases = (
				782D5BA62AC2E2F700D1B27F /* Headers */,
				782D5B412AC1D3D700D1B27F /* Sources */,
				782D5B422AC1D3D700D1B27F /* Frameworks */,
				782D5B432AC1D3D700D1B27F /* Resources */,
				7847A4482B31C2390082887C /* Embed Ockam Command */,
			);
			buildRules = (
			);
			dependencies = (
			);
			name = "Portals, by Ockam";
			packageProductDependencies = (
			);
			productName = Ockam;
			productReference = 782D5B452AC1D3D700D1B27F /* Portals, by Ockam.app */;
			productType = "com.apple.product-type.application";
		};
/* End PBXNativeTarget section */

/* Begin PBXProject section */
		782D5B3D2AC1D3D700D1B27F /* Project object */ = {
			isa = PBXProject;
			attributes = {
				BuildIndependentTargetsInParallel = 1;
				LastSwiftUpdateCheck = 1510;
				LastUpgradeCheck = 1500;
				TargetAttributes = {
					782D5B442AC1D3D700D1B27F = {
						CreatedOnToolsVersion = 14.3.1;
					};
				};
			};
			buildConfigurationList = 782D5B402AC1D3D700D1B27F /* Build configuration list for PBXProject "Ockam" */;
			compatibilityVersion = "Xcode 14.0";
			developmentRegion = en;
			hasScannedForEncodings = 0;
			knownRegions = (
				en,
				Base,
			);
			mainGroup = 782D5B3C2AC1D3D700D1B27F;
			packageReferences = (
			);
			productRefGroup = 782D5B462AC1D3D700D1B27F /* Products */;
			projectDirPath = "";
			projectRoot = "";
			targets = (
				782D5B442AC1D3D700D1B27F /* Portals, by Ockam */,
			);
		};
/* End PBXProject section */

/* Begin PBXResourcesBuildPhase section */
		782D5B432AC1D3D700D1B27F /* Resources */ = {
			isa = PBXResourcesBuildPhase;
			buildActionMask = 2147483647;
			files = (
				782D5B4D2AC1D3D800D1B27F /* Assets.xcassets in Resources */,
				789FA6462AE142280009FF7F /* ExportOptions.plist in Resources */,
			);
			runOnlyForDeploymentPostprocessing = 0;
		};
/* End PBXResourcesBuildPhase section */

/* Begin PBXSourcesBuildPhase section */
		782D5B412AC1D3D700D1B27F /* Sources */ = {
			isa = PBXSourcesBuildPhase;
			buildActionMask = 2147483647;
			files = (
				785A07342B14CF29002FF30C /* LocalPortalView.swift in Sources */,
				7827D5092AD93F1700F7A20F /* ClickableMenuEntry.swift in Sources */,
				78BD34A12AFCFDF100F09058 /* RemotePortalView.swift in Sources */,
				785A07322B14C810002FF30C /* SentInvitations.swift in Sources */,
				782D5B4B2AC1D3D700D1B27F /* MainView.swift in Sources */,
				785A07302B14A60E002FF30C /* Constants.swift in Sources */,
				78A77C2F2B2B275A00DEC3AC /* AnimatedEllipsis.swift in Sources */,
				785A073C2B15EAC8002FF30C /* EnrollmentStatus.swift in Sources */,
				78B7EF702B0F649D0062B2B3 /* DeleteIncomingService.swift in Sources */,
				78ED0DA12AD4354400574AE9 /* OpenPortal.swift in Sources */,
				78D520832ADD5CAE00F36B64 /* Helpers.swift in Sources */,
				7859A4892B1DD4960085C7F7 /* FluidMenuBarExtraWindow.swift in Sources */,
				7859A48A2B1DD4960085C7F7 /* EventMonitor.swift in Sources */,
				78695A302B2332F600432B83 /* Hint.swift in Sources */,
				7859A4862B1DD4960085C7F7 /* UpdateSizeAction.swift in Sources */,
				7827D5072AD93EE700F7A20F /* ProfilePicture.swift in Sources */,
				782D5B492AC1D3D700D1B27F /* OckamApp.swift in Sources */,
				785C8DC12B0BAD5E00926DCD /* About.swift in Sources */,
				785A07382B14D734002FF30C /* IncomingInvite.swift in Sources */,
				7859A4882B1DD4960085C7F7 /* FluidMenuBarExtraStatusItem.swift in Sources */,
				7859A4872B1DD4960085C7F7 /* FluidMenuBarExtra.swift in Sources */,
				785A07362B14D697002FF30C /* ServiceGroupView.swift in Sources */,
				78ED0DA32AD4501200574AE9 /* InviteToPortal.swift in Sources */,
				78BD349D2AFA621500F09058 /* BrokenStateView.swift in Sources */,
				4CB45C522AEB06C700D27F22 /* AcceptingInvitation.swift in Sources */,
				78A77C2D2B2B24A700DEC3AC /* RotatingText.swift in Sources */,
				783B62722AC432B700880261 /* Bridge.swift in Sources */,
				7893D40A2B1F54F800454933 /* EnrollmentBlock.swift in Sources */,
				7859A48B2B1DD4960085C7F7 /* RootViewModifier.swift in Sources */,
			);
			runOnlyForDeploymentPostprocessing = 0;
		};
/* End PBXSourcesBuildPhase section */

/* Begin XCBuildConfiguration section */
		782D5B682AC1D3D800D1B27F /* Debug */ = {
			isa = XCBuildConfiguration;
			buildSettings = {
				ALWAYS_SEARCH_USER_PATHS = NO;
				CLANG_ANALYZER_NONNULL = YES;
				CLANG_ANALYZER_NUMBER_OBJECT_CONVERSION = YES_AGGRESSIVE;
				CLANG_ENABLE_OBJC_ARC = YES;
				CLANG_ENABLE_OBJC_WEAK = YES;
				CLANG_WARN_BLOCK_CAPTURE_AUTORELEASING = YES;
				CLANG_WARN_BOOL_CONVERSION = YES;
				CLANG_WARN_COMMA = YES;
				CLANG_WARN_CONSTANT_CONVERSION = YES;
				CLANG_WARN_DEPRECATED_OBJC_IMPLEMENTATIONS = YES;
				CLANG_WARN_DIRECT_OBJC_ISA_USAGE = YES_ERROR;
				CLANG_WARN_DOCUMENTATION_COMMENTS = YES;
				CLANG_WARN_EMPTY_BODY = YES;
				CLANG_WARN_ENUM_CONVERSION = YES;
				CLANG_WARN_INFINITE_RECURSION = YES;
				CLANG_WARN_INT_CONVERSION = YES;
				CLANG_WARN_NON_LITERAL_NULL_CONVERSION = YES;
				CLANG_WARN_OBJC_IMPLICIT_RETAIN_SELF = YES;
				CLANG_WARN_OBJC_LITERAL_CONVERSION = YES;
				CLANG_WARN_OBJC_ROOT_CLASS = YES_ERROR;
				CLANG_WARN_QUOTED_INCLUDE_IN_FRAMEWORK_HEADER = YES;
				CLANG_WARN_RANGE_LOOP_ANALYSIS = YES;
				CLANG_WARN_STRICT_PROTOTYPES = YES;
				CLANG_WARN_SUSPICIOUS_MOVE = YES;
				CLANG_WARN_UNGUARDED_AVAILABILITY = YES_AGGRESSIVE;
				CLANG_WARN_UNREACHABLE_CODE = YES;
				CLANG_WARN__DUPLICATE_METHOD_MATCH = YES;
				COPY_PHASE_STRIP = NO;
				DEAD_CODE_STRIPPING = NO;
				DEBUG_INFORMATION_FORMAT = dwarf;
				ENABLE_STRICT_OBJC_MSGSEND = YES;
				ENABLE_TESTABILITY = YES;
				ENABLE_USER_SCRIPT_SANDBOXING = YES;
				GCC_OPTIMIZATION_LEVEL = s;
				GCC_PREPROCESSOR_DEFINITIONS = (
					"DEBUG=1",
					"$(inherited)",
				);
				GCC_WARN_64_TO_32_BIT_CONVERSION = YES;
				GCC_WARN_ABOUT_RETURN_TYPE = YES_ERROR;
				GCC_WARN_UNDECLARED_SELECTOR = YES;
				GCC_WARN_UNINITIALIZED_AUTOS = YES_AGGRESSIVE;
				GCC_WARN_UNUSED_FUNCTION = YES;
				GCC_WARN_UNUSED_VARIABLE = YES;
				"HEADER_SEARCH_PATHS[arch=*]" = "";
				INFOPLIST_KEY_CFBundleDisplayName = "Portals, by Ockam";
				INFOPLIST_KEY_LSApplicationCategoryType = "public.app-category.utilities";
				LD_NO_PIE = YES;
				"LIBRARY_SEARCH_PATHS[arch=*]" = ../../../../target/debug/;
				MACOSX_DEPLOYMENT_TARGET = 13.5;
				MTL_FAST_MATH = YES;
				ONLY_ACTIVE_ARCH = YES;
				SDKROOT = macosx;
				STRIP_SWIFT_SYMBOLS = NO;
				SWIFT_ACTIVE_COMPILATION_CONDITIONS = DEBUG;
				"SWIFT_OBJC_BRIDGING_HEADER[arch=*]" = Ockam/Bridge.h;
				SWIFT_OPTIMIZATION_LEVEL = "-Onone";
				SWIFT_VERSION = 5.0;
			};
			name = Debug;
		};
		782D5B692AC1D3D800D1B27F /* Release */ = {
			isa = XCBuildConfiguration;
			buildSettings = {
				ALWAYS_SEARCH_USER_PATHS = NO;
				CLANG_ANALYZER_NONNULL = YES;
				CLANG_ANALYZER_NUMBER_OBJECT_CONVERSION = YES_AGGRESSIVE;
				CLANG_ENABLE_OBJC_ARC = YES;
				CLANG_ENABLE_OBJC_WEAK = YES;
				CLANG_WARN_BLOCK_CAPTURE_AUTORELEASING = YES;
				CLANG_WARN_BOOL_CONVERSION = YES;
				CLANG_WARN_COMMA = YES;
				CLANG_WARN_CONSTANT_CONVERSION = YES;
				CLANG_WARN_DEPRECATED_OBJC_IMPLEMENTATIONS = YES;
				CLANG_WARN_DIRECT_OBJC_ISA_USAGE = YES_ERROR;
				CLANG_WARN_DOCUMENTATION_COMMENTS = YES;
				CLANG_WARN_EMPTY_BODY = YES;
				CLANG_WARN_ENUM_CONVERSION = YES;
				CLANG_WARN_INFINITE_RECURSION = YES;
				CLANG_WARN_INT_CONVERSION = YES;
				CLANG_WARN_NON_LITERAL_NULL_CONVERSION = YES;
				CLANG_WARN_OBJC_IMPLICIT_RETAIN_SELF = YES;
				CLANG_WARN_OBJC_LITERAL_CONVERSION = YES;
				CLANG_WARN_OBJC_ROOT_CLASS = YES_ERROR;
				CLANG_WARN_QUOTED_INCLUDE_IN_FRAMEWORK_HEADER = YES;
				CLANG_WARN_RANGE_LOOP_ANALYSIS = YES;
				CLANG_WARN_STRICT_PROTOTYPES = YES;
				CLANG_WARN_SUSPICIOUS_MOVE = YES;
				CLANG_WARN_UNGUARDED_AVAILABILITY = YES_AGGRESSIVE;
				CLANG_WARN_UNREACHABLE_CODE = YES;
				CLANG_WARN__DUPLICATE_METHOD_MATCH = YES;
				COPY_PHASE_STRIP = NO;
				DEAD_CODE_STRIPPING = YES;
				DEBUG_INFORMATION_FORMAT = "dwarf-with-dsym";
				ENABLE_NS_ASSERTIONS = NO;
				ENABLE_STRICT_OBJC_MSGSEND = YES;
				ENABLE_USER_SCRIPT_SANDBOXING = YES;
				GCC_OPTIMIZATION_LEVEL = s;
				GCC_WARN_64_TO_32_BIT_CONVERSION = YES;
				GCC_WARN_ABOUT_RETURN_TYPE = YES_ERROR;
				GCC_WARN_UNDECLARED_SELECTOR = YES;
				GCC_WARN_UNINITIALIZED_AUTOS = YES_AGGRESSIVE;
				GCC_WARN_UNUSED_FUNCTION = YES;
				GCC_WARN_UNUSED_VARIABLE = YES;
				"HEADER_SEARCH_PATHS[arch=*]" = Ockam/Bridge.h;
				INFOPLIST_KEY_CFBundleDisplayName = "Portals, by Ockam";
				INFOPLIST_KEY_LSApplicationCategoryType = "public.app-category.utilities";
				LD_NO_PIE = YES;
				"LIBRARY_SEARCH_PATHS[arch=*]" = ../../../../target/release/;
				MACOSX_DEPLOYMENT_TARGET = 13.5;
				MTL_ENABLE_DEBUG_INFO = NO;
				MTL_FAST_MATH = YES;
				ONLY_ACTIVE_ARCH = YES;
				SDKROOT = macosx;
				SWIFT_COMPILATION_MODE = wholemodule;
				"SWIFT_OBJC_BRIDGING_HEADER[arch=*]" = Ockam/Bridge.h;
				SWIFT_VERSION = 5.0;
			};
			name = Release;
		};
		782D5B6B2AC1D3D800D1B27F /* Debug */ = {
			isa = XCBuildConfiguration;
			buildSettings = {
				ASSETCATALOG_COMPILER_APPICON_NAME = AppIcon;
				ASSETCATALOG_COMPILER_GLOBAL_ACCENT_COLOR_NAME = "";
				ASSETCATALOG_COMPILER_INCLUDE_ALL_APPICON_ASSETS = YES;
				CODE_SIGN_ENTITLEMENTS = Ockam/Ockam.entitlements;
				CODE_SIGN_IDENTITY = "Apple Development";
				"CODE_SIGN_IDENTITY[sdk=macosx*]" = "-";
				CODE_SIGN_STYLE = Manual;
				COMBINE_HIDPI_IMAGES = YES;
				CURRENT_PROJECT_VERSION = 1;
				DEAD_CODE_STRIPPING = YES;
				DEVELOPMENT_ASSET_PATHS = "";
				DEVELOPMENT_TEAM = "";
				"DEVELOPMENT_TEAM[sdk=macosx*]" = "";
				ENABLE_HARDENED_RUNTIME = YES;
				ENABLE_PREVIEWS = YES;
				GENERATE_INFOPLIST_FILE = YES;
				INFOPLIST_FILE = Ockam/Info.plist;
				INFOPLIST_KEY_CFBundleDisplayName = "Portals, by Ockam";
				INFOPLIST_KEY_LSApplicationCategoryType = "public.app-category.utilities";
				INFOPLIST_KEY_LSUIElement = YES;
				INFOPLIST_KEY_NSHumanReadableCopyright = "";
				LD_RUNPATH_SEARCH_PATHS = (
					"$(inherited)",
					"@executable_path/../Frameworks",
				);
				MACOSX_DEPLOYMENT_TARGET = 13.5;
				MARKETING_VERSION = 0.1;
				PRODUCT_BUNDLE_IDENTIFIER = io.ockam.portals;
				PRODUCT_NAME = "$(TARGET_NAME)";
				PROVISIONING_PROFILE_SPECIFIER = "";
				"PROVISIONING_PROFILE_SPECIFIER[sdk=macosx*]" = "";
			};
			name = Debug;
		};
		782D5B6C2AC1D3D800D1B27F /* Release */ = {
			isa = XCBuildConfiguration;
			buildSettings = {
				ASSETCATALOG_COMPILER_APPICON_NAME = AppIcon;
				ASSETCATALOG_COMPILER_GLOBAL_ACCENT_COLOR_NAME = "";
				ASSETCATALOG_COMPILER_INCLUDE_ALL_APPICON_ASSETS = YES;
				CODE_SIGN_ENTITLEMENTS = Ockam/Ockam.entitlements;
				CODE_SIGN_IDENTITY = "Apple Development";
				"CODE_SIGN_IDENTITY[sdk=macosx*]" = "-";
				CODE_SIGN_STYLE = Manual;
				COMBINE_HIDPI_IMAGES = YES;
				CURRENT_PROJECT_VERSION = 1;
				DEAD_CODE_STRIPPING = YES;
				DEVELOPMENT_ASSET_PATHS = "";
				DEVELOPMENT_TEAM = "";
				"DEVELOPMENT_TEAM[sdk=macosx*]" = "";
				ENABLE_HARDENED_RUNTIME = YES;
				ENABLE_PREVIEWS = YES;
				GENERATE_INFOPLIST_FILE = YES;
				INFOPLIST_FILE = Ockam/Info.plist;
				INFOPLIST_KEY_CFBundleDisplayName = "Portals, by Ockam";
				INFOPLIST_KEY_LSApplicationCategoryType = "public.app-category.utilities";
				INFOPLIST_KEY_LSUIElement = YES;
				INFOPLIST_KEY_NSHumanReadableCopyright = "";
				LD_RUNPATH_SEARCH_PATHS = (
					"$(inherited)",
					"@executable_path/../Frameworks",
				);
				MACOSX_DEPLOYMENT_TARGET = 13.5;
				MARKETING_VERSION = 0.1;
				MTL_ENABLE_DEBUG_INFO = YES;
				PRODUCT_BUNDLE_IDENTIFIER = io.ockam.portals;
				PRODUCT_NAME = "$(TARGET_NAME)";
				PROVISIONING_PROFILE_SPECIFIER = "";
				"PROVISIONING_PROFILE_SPECIFIER[sdk=macosx*]" = "";
			};
			name = Release;
		};
/* End XCBuildConfiguration section */

/* Begin XCConfigurationList section */
		782D5B402AC1D3D700D1B27F /* Build configuration list for PBXProject "Ockam" */ = {
			isa = XCConfigurationList;
			buildConfigurations = (
				782D5B682AC1D3D800D1B27F /* Debug */,
				782D5B692AC1D3D800D1B27F /* Release */,
			);
			defaultConfigurationIsVisible = 0;
			defaultConfigurationName = Release;
		};
		782D5B6A2AC1D3D800D1B27F /* Build configuration list for PBXNativeTarget "Portals, by Ockam" */ = {
			isa = XCConfigurationList;
			buildConfigurations = (
				782D5B6B2AC1D3D800D1B27F /* Debug */,
				782D5B6C2AC1D3D800D1B27F /* Release */,
			);
			defaultConfigurationIsVisible = 0;
			defaultConfigurationName = Release;
		};
/* End XCConfigurationList section */
	};
	rootObject = 782D5B3D2AC1D3D700D1B27F /* Project object */;
}
