{
  "nodes": {
    "beam-flakes": {
      "inputs": {
        "flake-parts": [
          "flake-parts"
        ],
        "nixpkgs": "nixpkgs"
      },
      "locked": {
        "lastModified": 1684776647,
        "narHash": "sha256-BY7//H6GHueeujaQisYi/bXyDVriJR3bo3ntEVfofMM=",
        "owner": "shanesveller",
        "repo": "nix-beam-flakes",
        "rev": "02ea44db326b9de046a243c6679c83b0519f3865",
        "type": "github"
      },
      "original": {
        "owner": "shanesveller",
        "repo": "nix-beam-flakes",
        "type": "github"
      }
    },
    "flake-parts": {
      "inputs": {
        "nixpkgs-lib": "nixpkgs-lib"
      },
      "locked": {
        "lastModified": 1685457039,
        "narHash": "sha256-bEFtQm+YyLxQjKQAaBHJyPN1z2wbhBnr2g1NJWSYjwM=",
        "owner": "hercules-ci",
        "repo": "flake-parts",
        "rev": "80717d11615b6f42d1ad2e18ead51193fc15de69",
        "type": "github"
      },
      "original": {
        "owner": "hercules-ci",
        "repo": "flake-parts",
        "type": "github"
      }
    },
    "flake-utils": {
      "inputs": {
        "systems": "systems"
      },
      "locked": {
        "lastModified": 1681202837,
        "narHash": "sha256-H+Rh19JDwRtpVPAWp64F+rlEtxUWBAQW28eAi3SRSzg=",
        "owner": "numtide",
        "repo": "flake-utils",
        "rev": "cfacdce06f30d2b68473a46042957675eebb3401",
        "type": "github"
      },
      "original": {
        "owner": "numtide",
        "repo": "flake-utils",
        "type": "github"
      }
    },
    "nixpkgs": {
      "locked": {
        "lastModified": 1684698729,
        "narHash": "sha256-eFX+g0JNHYDuoGq3XvT+360UDIzRGFWcHh0il6rGz7g=",
        "owner": "NixOS",
        "repo": "nixpkgs",
        "rev": "9356eead97d8d16956b0226d78f76bd66e06cb60",
        "type": "github"
      },
      "original": {
        "owner": "NixOS",
        "ref": "nixpkgs-unstable",
        "repo": "nixpkgs",
        "type": "github"
      }
    },
    "nixpkgs-lib": {
      "locked": {
        "dir": "lib",
        "lastModified": 1682879489,
        "narHash": "sha256-sASwo8gBt7JDnOOstnps90K1wxmVfyhsTPPNTGBPjjg=",
        "owner": "NixOS",
        "repo": "nixpkgs",
        "rev": "da45bf6ec7bbcc5d1e14d3795c025199f28e0de0",
        "type": "github"
      },
      "original": {
        "dir": "lib",
        "owner": "NixOS",
        "ref": "nixos-unstable",
        "repo": "nixpkgs",
        "type": "github"
      }
    },
    "nixpkgs_2": {
      "locked": {
        "lastModified": 1685399834,
        "narHash": "sha256-Lt7//5snriXSdJo5hlVcDkpERL1piiih0UXIz1RUcC4=",
        "owner": "NixOS",
        "repo": "nixpkgs",
        "rev": "58c85835512b0db938600b6fe13cc3e3dc4b364e",
        "type": "github"
      },
      "original": {
        "owner": "NixOS",
        "ref": "nixpkgs-unstable",
        "repo": "nixpkgs",
        "type": "github"
      }
    },
    "root": {
      "inputs": {
        "beam-flakes": "beam-flakes",
        "flake-parts": "flake-parts",
        "nixpkgs": "nixpkgs_2",
        "rust-overlay": "rust-overlay"
      }
    },
    "rust-overlay": {
      "inputs": {
        "flake-utils": "flake-utils",
        "nixpkgs": [
          "nixpkgs"
        ]
      },
      "locked": {
        "lastModified": 1685500416,
        "narHash": "sha256-P6wLC+P8o9w4XNLZAbZy3BwKkp1xi/+H9dF+7SXDP70=",
        "owner": "oxalica",
        "repo": "rust-overlay",
        "rev": "9651f0beee6e7a9783cc02eac722854851c65ae7",
        "type": "github"
      },
      "original": {
        "owner": "oxalica",
        "repo": "rust-overlay",
        "type": "github"
      }
    },
    "systems": {
      "locked": {
        "lastModified": 1681028828,
        "narHash": "sha256-Vy1rq5AaRuLzOxct8nz4T6wlgyUR7zLU309k9mBC768=",
        "owner": "nix-systems",
        "repo": "default",
        "rev": "da67096a3b9bf56a91d16901293e51ba5b49a27e",
        "type": "github"
      },
      "original": {
        "owner": "nix-systems",
        "repo": "default",
        "type": "github"
      }
    }
  },
  "root": "root",
  "version": 7
}
