%{
  "bare": {:hex, :bare, "0.1.1", "d9dc757cdf6a4f236055d7d098b523fcc70ff7e805a981e3e82786c7a99725b9", [:rebar3], [], "hexpm", "07797a39167e37108c0827fe1a686e69d5f27d7b658fb64f14496a6db72a2415"},
  "cbor": {:hex, :cbor, "1.0.0", "35d33a26f6420ce3d2d01c0b1463a748b34c537d5609fc40116daf3666700d36", [:mix], [], "hexpm", "cc5e21e0fa5a0330715a3806c67bc294f8b65d07160f751b5bd6058bed1962ac"},
  "credo": {:hex, :credo, "1.6.7", "323f5734350fd23a456f2688b9430e7d517afb313fbd38671b8a4449798a7854", [:mix], [{:bunt, "~> 0.2.1", [hex: :bunt, repo: "hexpm", optional: false]}, {:file_system, "~> 0.2.8", [hex: :file_system, repo: "hexpm", optional: false]}, {:jason, "~> 1.0", [hex: :jason, repo: "hexpm", optional: false]}], "hexpm", "41e110bfb007f7eda7f897c10bf019ceab9a0b269ce79f015d54b0dcf4fc7dd3"},
  "dialyxir": {:hex, :dialyxir, "1.2.0", "58344b3e87c2e7095304c81a9ae65cb68b613e28340690dfe1a5597fd08dec37", [:mix], [{:erlex, ">= 0.2.6", [hex: :erlex, repo: "hexpm", optional: false]}], "hexpm", "61072136427a851674cab81762be4dbeae7679f85b1272b6d25c3a839aff8463"},
  "ex_doc": {:hex, :ex_doc, "0.28.5", "3e52a6d2130ce74d096859e477b97080c156d0926701c13870a4e1f752363279", [:mix], [{:earmark_parser, "~> 1.4.19", [hex: :earmark_parser, repo: "hexpm", optional: false]}, {:makeup_elixir, "~> 0.14", [hex: :makeup_elixir, repo: "hexpm", optional: false]}, {:makeup_erlang, "~> 0.1", [hex: :makeup_erlang, repo: "hexpm", optional: false]}], "hexpm", "d2c4b07133113e9aa3e9ba27efb9088ba900e9e51caa383919676afdf09ab181"},
  "gen_state_machine": {:hex, :gen_state_machine, "3.0.0", "1e57f86a494e5c6b14137ebef26a7eb342b3b0070c7135f2d6768ed3f6b6cdff", [:mix], [], "hexpm", "0a59652574bebceb7309f6b749d2a41b45fdeda8dbb4da0791e355dd19f0ed15"},
  "neotoma": {:git, "https://github.com/seancribbs/neotoma.git", "9e57d8ebd4ebb02c3e2428b08f3a01e2ff834ce2", []},
  "typed_struct": {:hex, :typed_struct, "0.3.0", "939789e3c1dca39d7170c87f729127469d1315dcf99fee8e152bb774b17e7ff7", [:mix], [], "hexpm", "c50bd5c3a61fe4e198a8504f939be3d3c85903b382bde4865579bc23111d1b6d"},
}
