%{
  "hkdf_erlang": {:hex, :hkdf_erlang, "1.0.0", "0b681b428805eacf1286e02ece8617e843cdceae7adb5fad43c283c98088fbc2", [:rebar3], [], "hexpm", "d2091d9e0df97613fd149074929a94e3675047f28cca6b1626fe7be60f5d76ac"},
  "jason": {:hex, :jason, "1.4.1", "af1504e35f629ddcdd6addb3513c3853991f694921b1b9368b0bd32beb9f1b63", [:mix], [{:decimal, "~> 1.0 or ~> 2.0", [hex: :decimal, repo: "hexpm", optional: true]}], "hexpm", "fbb01ecdfd565b56261302f7e1fcc27c4fb8f32d56eab74db621fc154604a7a1"},
  "rustler": {:git, "https://github.com/polvorin/rustler.git", "f6ead5802b3b8bf38b3c5fcaf0a0dbdf0e66a221", [branch: "fix_local_crate", sparse: "rustler_mix"]},
  "toml": {:hex, :toml, "0.7.0", "fbcd773caa937d0c7a02c301a1feea25612720ac3fa1ccb8bfd9d30d822911de", [:mix], [], "hexpm", "0690246a2478c1defd100b0c9b89b4ea280a22be9a7b313a8a058a2408a2fa70"},
}
