%{
  "hkdf_erlang": {:hex, :hkdf_erlang, "1.0.0", "0b681b428805eacf1286e02ece8617e843cdceae7adb5fad43c283c98088fbc2", [:rebar3], [], "hexpm", "d2091d9e0df97613fd149074929a94e3675047f28cca6b1626fe7be60f5d76ac"},
  "jason": {:hex, :jason, "1.4.1", "af1504e35f629ddcdd6addb3513c3853991f694921b1b9368b0bd32beb9f1b63", [:mix], [{:decimal, "~> 1.0 or ~> 2.0", [hex: :decimal, repo: "hexpm", optional: true]}], "hexpm", "fbb01ecdfd565b56261302f7e1fcc27c4fb8f32d56eab74db621fc154604a7a1"},
  "rustler": {:hex, :rustler, "0.29.1", "880f20ae3027bd7945def6cea767f5257bc926f33ff50c0d5d5a5315883c084d", [:mix], [{:jason, "~> 1.0", [hex: :jason, repo: "hexpm", optional: false]}, {:toml, "~> 0.6", [hex: :toml, repo: "hexpm", optional: false]}], "hexpm", "109497d701861bfcd26eb8f5801fe327a8eef304f56a5b63ef61151ff44ac9b6"},
  "toml": {:hex, :toml, "0.7.0", "fbcd773caa937d0c7a02c301a1feea25612720ac3fa1ccb8bfd9d30d822911de", [:mix], [], "hexpm", "0690246a2478c1defd100b0c9b89b4ea280a22be9a7b313a8a058a2408a2fa70"},
}
