%{
  "enacl": {:hex, :enacl, "1.0.0", "1bacae6c8aad1a2944ed5eb108e241d0d5e466819b685dfa690650abdff9bba0", [:rebar3], [], "hexpm", "308b38a8cb0d244c97d06b8da73abc318d73f576ab1e7c4999eaf0bbcf993bd2"},
  "gen_state_machine": {:hex, :gen_state_machine, "2.1.0", "a38b0e53fad812d29ec149f0d354da5d1bc0d7222c3711f3a0bd5aa608b42992", [:mix], [], "hexpm", "ae367038808db25cee2f2c4b8d0531522ea587c4995eb6f96ee73410a60fa06b"},
  "jason": {:hex, :jason, "1.1.2", "b03dedea67a99223a2eaf9f1264ce37154564de899fd3d8b9a21b1a6fd64afe7", [:mix], [{:decimal, "~> 1.0", [hex: :decimal, repo: "hexpm", optional: true]}], "hexpm", "fdf843bca858203ae1de16da2ee206f53416bbda5dc8c9e78f43243de4bc3afe"},
  "rustler": {:hex, :rustler, "0.21.0", "68cc4fc015d0b9541865ea78e78e9ef2dd91ee4be80bf543fd15791102a45aca", [:mix], [{:toml, "~> 0.5.2", [hex: :toml, repo: "hexpm", optional: false]}], "hexpm", "e5429378c397f37f1091a35593b153aee1925e197c6842d04648d802edb52f80"},
  "toml": {:hex, :toml, "0.5.2", "e471388a8726d1ce51a6b32f864b8228a1eb8edc907a0edf2bb50eab9321b526", [:mix], [], "hexpm", "f1e3dabef71fb510d015fad18c0e05e7c57281001141504c6b69d94e99750a07"},
}
